
Microsoft Visual Studio Solution File, Format Version 12.00
# Visual Studio Version 17
VisualStudioVersion = 17.8.34322.80
MinimumVisualStudioVersion = 10.0.40219.1
Project("{FAE04EC0-301F-11D3-BF4B-00C04F79EFBC}") = "CheckTon", "CheckTon\CheckTon.csproj", "{971AD006-700A-49F6-872E-64D0AF1B3AEE}"
EndProject
Global
	GlobalSection(SolutionConfigurationPlatforms) = preSolution
		Debug|Any CPU = Debug|Any CPU
		Release|Any CPU = Release|Any CPU
	EndGlobalSection
	GlobalSection(ProjectConfigurationPlatforms) = postSolution
		{971AD006-700A-49F6-872E-64D0AF1B3AEE}.Debug|Any CPU.ActiveCfg = Debug|Any CPU
		{971AD006-700A-49F6-872E-64D0AF1B3AEE}.Debug|Any CPU.Build.0 = Debug|Any CPU
		{971AD006-700A-49F6-872E-64D0AF1B3AEE}.Release|Any CPU.ActiveCfg = Release|Any CPU
		{971AD006-700A-49F6-872E-64D0AF1B3AEE}.Release|Any CPU.Build.0 = Release|Any CPU
	EndGlobalSection
	GlobalSection(SolutionProperties) = preSolution
		HideSolutionNode = FALSE
	EndGlobalSection
	GlobalSection(ExtensibilityGlobals) = postSolution
		SolutionGuid = {8B836988-1BC8-4D15-987B-69E1696DF4F3}
	EndGlobalSection
EndGlobal
